// !$*UTF8*$!
{
	archiveVersion = 1;
	classes = {
	};
	objectVersion = 50;
	objects = {

/* Begin PBXBuildFile section */
		4AF885324752CBD6831C44B3 /* Pods_testRxSwiftUITests.framework in Frameworks */ = {isa = PBXBuildFile; fileRef = EC595057D74061E3E24D2E6F /* Pods_testRxSwiftUITests.framework */; };
		54A2C22022544B4C0081E3FA /* AppDelegate.swift in Sources */ = {isa = PBXBuildFile; fileRef = 54A2C21F22544B4C0081E3FA /* AppDelegate.swift */; };
		54A2C22222544B4C0081E3FA /* ViewController.swift in Sources */ = {isa = PBXBuildFile; fileRef = 54A2C22122544B4C0081E3FA /* ViewController.swift */; };
		54A2C22522544B4C0081E3FA /* Main.storyboard in Resources */ = {isa = PBXBuildFile; fileRef = 54A2C22322544B4C0081E3FA /* Main.storyboard */; };
		54A2C22722544B4D0081E3FA /* Assets.xcassets in Resources */ = {isa = PBXBuildFile; fileRef = 54A2C22622544B4D0081E3FA /* Assets.xcassets */; };
		54A2C22A22544B4D0081E3FA /* LaunchScreen.storyboard in Resources */ = {isa = PBXBuildFile; fileRef = 54A2C22822544B4D0081E3FA /* LaunchScreen.storyboard */; };
		54A2C23522544B4D0081E3FA /* testRxSwiftTests.swift in Sources */ = {isa = PBXBuildFile; fileRef = 54A2C23422544B4D0081E3FA /* testRxSwiftTests.swift */; };
		54A2C24022544B4D0081E3FA /* testRxSwiftUITests.swift in Sources */ = {isa = PBXBuildFile; fileRef = 54A2C23F22544B4D0081E3FA /* testRxSwiftUITests.swift */; };
		54A2C24E22544E020081E3FA /* Event.swift in Sources */ = {isa = PBXBuildFile; fileRef = 54A2C24D22544E020081E3FA /* Event.swift */; };
		54A2C2502254500C0081E3FA /* ExtentionsAppDelegate.swift in Sources */ = {isa = PBXBuildFile; fileRef = 54A2C24F2254500C0081E3FA /* ExtentionsAppDelegate.swift */; };
		946B73DCACF938CFF2FB11C4 /* Pods_testRxSwiftTests.framework in Frameworks */ = {isa = PBXBuildFile; fileRef = 4579098F08FEC3B8A338D797 /* Pods_testRxSwiftTests.framework */; };
		D63904E37F25B8EEB20CEC54 /* Pods_testRxSwift.framework in Frameworks */ = {isa = PBXBuildFile; fileRef = A0FF68CBFF35E542B6190472 /* Pods_testRxSwift.framework */; };
/* End PBXBuildFile section */

/* Begin PBXContainerItemProxy section */
		54A2C23122544B4D0081E3FA /* PBXContainerItemProxy */ = {
			isa = PBXContainerItemProxy;
			containerPortal = 54A2C21422544B4C0081E3FA /* Project object */;
			proxyType = 1;
			remoteGlobalIDString = 54A2C21B22544B4C0081E3FA;
			remoteInfo = testRxSwift;
		};
		54A2C23C22544B4D0081E3FA /* PBXContainerItemProxy */ = {
			isa = PBXContainerItemProxy;
			containerPortal = 54A2C21422544B4C0081E3FA /* Project object */;
			proxyType = 1;
			remoteGlobalIDString = 54A2C21B22544B4C0081E3FA;
			remoteInfo = testRxSwift;
		};
/* End PBXContainerItemProxy section */

/* Begin PBXFileReference section */
		2D617BA15EC825601CA2CC53 /* Pods-testRxSwift.release.xcconfig */ = {isa = PBXFileReference; includeInIndex = 1; lastKnownFileType = text.xcconfig; name = "Pods-testRxSwift.release.xcconfig"; path = "Target Support Files/Pods-testRxSwift/Pods-testRxSwift.release.xcconfig"; sourceTree = "<group>"; };
		4579098F08FEC3B8A338D797 /* Pods_testRxSwiftTests.framework */ = {isa = PBXFileReference; explicitFileType = wrapper.framework; includeInIndex = 0; path = Pods_testRxSwiftTests.framework; sourceTree = BUILT_PRODUCTS_DIR; };
		4961BD66BE03F137D1579D8C /* Pods-testRxSwiftUITests.release.xcconfig */ = {isa = PBXFileReference; includeInIndex = 1; lastKnownFileType = text.xcconfig; name = "Pods-testRxSwiftUITests.release.xcconfig"; path = "Target Support Files/Pods-testRxSwiftUITests/Pods-testRxSwiftUITests.release.xcconfig"; sourceTree = "<group>"; };
		4EC86F2D70C17F83DE764E1E /* Pods-testRxSwiftUITests.debug.xcconfig */ = {isa = PBXFileReference; includeInIndex = 1; lastKnownFileType = text.xcconfig; name = "Pods-testRxSwiftUITests.debug.xcconfig"; path = "Target Support Files/Pods-testRxSwiftUITests/Pods-testRxSwiftUITests.debug.xcconfig"; sourceTree = "<group>"; };
		54A2C21C22544B4C0081E3FA /* testRxSwift.app */ = {isa = PBXFileReference; explicitFileType = wrapper.application; includeInIndex = 0; path = testRxSwift.app; sourceTree = BUILT_PRODUCTS_DIR; };
		54A2C21F22544B4C0081E3FA /* AppDelegate.swift */ = {isa = PBXFileReference; lastKnownFileType = sourcecode.swift; path = AppDelegate.swift; sourceTree = "<group>"; };
		54A2C22122544B4C0081E3FA /* ViewController.swift */ = {isa = PBXFileReference; lastKnownFileType = sourcecode.swift; path = ViewController.swift; sourceTree = "<group>"; };
		54A2C22422544B4C0081E3FA /* Base */ = {isa = PBXFileReference; lastKnownFileType = file.storyboard; name = Base; path = Base.lproj/Main.storyboard; sourceTree = "<group>"; };
		54A2C22622544B4D0081E3FA /* Assets.xcassets */ = {isa = PBXFileReference; lastKnownFileType = folder.assetcatalog; path = Assets.xcassets; sourceTree = "<group>"; };
		54A2C22922544B4D0081E3FA /* Base */ = {isa = PBXFileReference; lastKnownFileType = file.storyboard; name = Base; path = Base.lproj/LaunchScreen.storyboard; sourceTree = "<group>"; };
		54A2C22B22544B4D0081E3FA /* Info.plist */ = {isa = PBXFileReference; lastKnownFileType = text.plist.xml; path = Info.plist; sourceTree = "<group>"; };
		54A2C23022544B4D0081E3FA /* testRxSwiftTests.xctest */ = {isa = PBXFileReference; explicitFileType = wrapper.cfbundle; includeInIndex = 0; path = testRxSwiftTests.xctest; sourceTree = BUILT_PRODUCTS_DIR; };
		54A2C23422544B4D0081E3FA /* testRxSwiftTests.swift */ = {isa = PBXFileReference; lastKnownFileType = sourcecode.swift; path = testRxSwiftTests.swift; sourceTree = "<group>"; };
		54A2C23622544B4D0081E3FA /* Info.plist */ = {isa = PBXFileReference; lastKnownFileType = text.plist.xml; path = Info.plist; sourceTree = "<group>"; };
		54A2C23B22544B4D0081E3FA /* testRxSwiftUITests.xctest */ = {isa = PBXFileReference; explicitFileType = wrapper.cfbundle; includeInIndex = 0; path = testRxSwiftUITests.xctest; sourceTree = BUILT_PRODUCTS_DIR; };
		54A2C23F22544B4D0081E3FA /* testRxSwiftUITests.swift */ = {isa = PBXFileReference; lastKnownFileType = sourcecode.swift; path = testRxSwiftUITests.swift; sourceTree = "<group>"; };
		54A2C24122544B4D0081E3FA /* Info.plist */ = {isa = PBXFileReference; lastKnownFileType = text.plist.xml; path = Info.plist; sourceTree = "<group>"; };
		54A2C24D22544E020081E3FA /* Event.swift */ = {isa = PBXFileReference; lastKnownFileType = sourcecode.swift; path = Event.swift; sourceTree = "<group>"; };
		54A2C24F2254500C0081E3FA /* ExtentionsAppDelegate.swift */ = {isa = PBXFileReference; lastKnownFileType = sourcecode.swift; path = ExtentionsAppDelegate.swift; sourceTree = "<group>"; };
		A0FF68CBFF35E542B6190472 /* Pods_testRxSwift.framework */ = {isa = PBXFileReference; explicitFileType = wrapper.framework; includeInIndex = 0; path = Pods_testRxSwift.framework; sourceTree = BUILT_PRODUCTS_DIR; };
		D3B415521431A6A90C9BDC0B /* Pods-testRxSwiftTests.release.xcconfig */ = {isa = PBXFileReference; includeInIndex = 1; lastKnownFileType = text.xcconfig; name = "Pods-testRxSwiftTests.release.xcconfig"; path = "Target Support Files/Pods-testRxSwiftTests/Pods-testRxSwiftTests.release.xcconfig"; sourceTree = "<group>"; };
		EC595057D74061E3E24D2E6F /* Pods_testRxSwiftUITests.framework */ = {isa = PBXFileReference; explicitFileType = wrapper.framework; includeInIndex = 0; path = Pods_testRxSwiftUITests.framework; sourceTree = BUILT_PRODUCTS_DIR; };
		F1A552A2B23D23D692CF09A7 /* Pods-testRxSwift.debug.xcconfig */ = {isa = PBXFileReference; includeInIndex = 1; lastKnownFileType = text.xcconfig; name = "Pods-testRxSwift.debug.xcconfig"; path = "Target Support Files/Pods-testRxSwift/Pods-testRxSwift.debug.xcconfig"; sourceTree = "<group>"; };
		F9C0B87C39DB543E67186312 /* Pods-testRxSwiftTests.debug.xcconfig */ = {isa = PBXFileReference; includeInIndex = 1; lastKnownFileType = text.xcconfig; name = "Pods-testRxSwiftTests.debug.xcconfig"; path = "Target Support Files/Pods-testRxSwiftTests/Pods-testRxSwiftTests.debug.xcconfig"; sourceTree = "<group>"; };
/* End PBXFileReference section */

/* Begin PBXFrameworksBuildPhase section */
		54A2C21922544B4C0081E3FA /* Frameworks */ = {
			isa = PBXFrameworksBuildPhase;
			buildActionMask = 2147483647;
			files = (
				D63904E37F25B8EEB20CEC54 /* Pods_testRxSwift.framework in Frameworks */,
			);
			runOnlyForDeploymentPostprocessing = 0;
		};
		54A2C22D22544B4D0081E3FA /* Frameworks */ = {
			isa = PBXFrameworksBuildPhase;
			buildActionMask = 2147483647;
			files = (
				946B73DCACF938CFF2FB11C4 /* Pods_testRxSwiftTests.framework in Frameworks */,
			);
			runOnlyForDeploymentPostprocessing = 0;
		};
		54A2C23822544B4D0081E3FA /* Frameworks */ = {
			isa = PBXFrameworksBuildPhase;
			buildActionMask = 2147483647;
			files = (
				4AF885324752CBD6831C44B3 /* Pods_testRxSwiftUITests.framework in Frameworks */,
			);
			runOnlyForDeploymentPostprocessing = 0;
		};
/* End PBXFrameworksBuildPhase section */

/* Begin PBXGroup section */
		54A2C21322544B4C0081E3FA = {
			isa = PBXGroup;
			children = (
				54A2C21E22544B4C0081E3FA /* testRxSwift */,
				54A2C23322544B4D0081E3FA /* testRxSwiftTests */,
				54A2C23E22544B4D0081E3FA /* testRxSwiftUITests */,
				54A2C21D22544B4C0081E3FA /* Products */,
				954ABBC7F56A40294B33A664 /* Pods */,
				78F86E09D554487A871436DD /* Frameworks */,
			);
			sourceTree = "<group>";
		};
		54A2C21D22544B4C0081E3FA /* Products */ = {
			isa = PBXGroup;
			children = (
				54A2C21C22544B4C0081E3FA /* testRxSwift.app */,
				54A2C23022544B4D0081E3FA /* testRxSwiftTests.xctest */,
				54A2C23B22544B4D0081E3FA /* testRxSwiftUITests.xctest */,
			);
			name = Products;
			sourceTree = "<group>";
		};
		54A2C21E22544B4C0081E3FA /* testRxSwift */ = {
			isa = PBXGroup;
			children = (
				54A2C21F22544B4C0081E3FA /* AppDelegate.swift */,
				54A2C22122544B4C0081E3FA /* ViewController.swift */,
				54A2C22322544B4C0081E3FA /* Main.storyboard */,
				54A2C22622544B4D0081E3FA /* Assets.xcassets */,
				54A2C22822544B4D0081E3FA /* LaunchScreen.storyboard */,
				54A2C22B22544B4D0081E3FA /* Info.plist */,
				54A2C24D22544E020081E3FA /* Event.swift */,
				54A2C24F2254500C0081E3FA /* ExtentionsAppDelegate.swift */,
			);
			path = testRxSwift;
			sourceTree = "<group>";
		};
		54A2C23322544B4D0081E3FA /* testRxSwiftTests */ = {
			isa = PBXGroup;
			children = (
				54A2C23422544B4D0081E3FA /* testRxSwiftTests.swift */,
				54A2C23622544B4D0081E3FA /* Info.plist */,
			);
			path = testRxSwiftTests;
			sourceTree = "<group>";
		};
		54A2C23E22544B4D0081E3FA /* testRxSwiftUITests */ = {
			isa = PBXGroup;
			children = (
				54A2C23F22544B4D0081E3FA /* testRxSwiftUITests.swift */,
				54A2C24122544B4D0081E3FA /* Info.plist */,
			);
			path = testRxSwiftUITests;
			sourceTree = "<group>";
		};
		78F86E09D554487A871436DD /* Frameworks */ = {
			isa = PBXGroup;
			children = (
				A0FF68CBFF35E542B6190472 /* Pods_testRxSwift.framework */,
				4579098F08FEC3B8A338D797 /* Pods_testRxSwiftTests.framework */,
				EC595057D74061E3E24D2E6F /* Pods_testRxSwiftUITests.framework */,
			);
			name = Frameworks;
			sourceTree = "<group>";
		};
		954ABBC7F56A40294B33A664 /* Pods */ = {
			isa = PBXGroup;
			children = (
				F1A552A2B23D23D692CF09A7 /* Pods-testRxSwift.debug.xcconfig */,
				2D617BA15EC825601CA2CC53 /* Pods-testRxSwift.release.xcconfig */,
				F9C0B87C39DB543E67186312 /* Pods-testRxSwiftTests.debug.xcconfig */,
				D3B415521431A6A90C9BDC0B /* Pods-testRxSwiftTests.release.xcconfig */,
				4EC86F2D70C17F83DE764E1E /* Pods-testRxSwiftUITests.debug.xcconfig */,
				4961BD66BE03F137D1579D8C /* Pods-testRxSwiftUITests.release.xcconfig */,
			);
			path = Pods;
			sourceTree = "<group>";
		};
/* End PBXGroup section */

/* Begin PBXNativeTarget section */
		54A2C21B22544B4C0081E3FA /* testRxSwift */ = {
			isa = PBXNativeTarget;
			buildConfigurationList = 54A2C24422544B4D0081E3FA /* Build configuration list for PBXNativeTarget "testRxSwift" */;
			buildPhases = (
				6842B9CCC888E5BA6FEB7C48 /* [CP] Check Pods Manifest.lock */,
				54A2C21822544B4C0081E3FA /* Sources */,
				54A2C21922544B4C0081E3FA /* Frameworks */,
				54A2C21A22544B4C0081E3FA /* Resources */,
				3FAD6239921766F6ED4A8901 /* [CP] Embed Pods Frameworks */,
			);
			buildRules = (
			);
			dependencies = (
			);
			name = testRxSwift;
			productName = testRxSwift;
			productReference = 54A2C21C22544B4C0081E3FA /* testRxSwift.app */;
			productType = "com.apple.product-type.application";
		};
		54A2C22F22544B4D0081E3FA /* testRxSwiftTests */ = {
			isa = PBXNativeTarget;
			buildConfigurationList = 54A2C24722544B4D0081E3FA /* Build configuration list for PBXNativeTarget "testRxSwiftTests" */;
			buildPhases = (
				C193E58AD692C153F3BF5340 /* [CP] Check Pods Manifest.lock */,
				54A2C22C22544B4D0081E3FA /* Sources */,
				54A2C22D22544B4D0081E3FA /* Frameworks */,
				54A2C22E22544B4D0081E3FA /* Resources */,
			);
			buildRules = (
			);
			dependencies = (
				54A2C23222544B4D0081E3FA /* PBXTargetDependency */,
			);
			name = testRxSwiftTests;
			productName = testRxSwiftTests;
			productReference = 54A2C23022544B4D0081E3FA /* testRxSwiftTests.xctest */;
			productType = "com.apple.product-type.bundle.unit-test";
		};
		54A2C23A22544B4D0081E3FA /* testRxSwiftUITests */ = {
			isa = PBXNativeTarget;
			buildConfigurationList = 54A2C24A22544B4D0081E3FA /* Build configuration list for PBXNativeTarget "testRxSwiftUITests" */;
			buildPhases = (
				850DF6E073B0141681E8D766 /* [CP] Check Pods Manifest.lock */,
				54A2C23722544B4D0081E3FA /* Sources */,
				54A2C23822544B4D0081E3FA /* Frameworks */,
				54A2C23922544B4D0081E3FA /* Resources */,
			);
			buildRules = (
			);
			dependencies = (
				54A2C23D22544B4D0081E3FA /* PBXTargetDependency */,
			);
			name = testRxSwiftUITests;
			productName = testRxSwiftUITests;
			productReference = 54A2C23B22544B4D0081E3FA /* testRxSwiftUITests.xctest */;
			productType = "com.apple.product-type.bundle.ui-testing";
		};
/* End PBXNativeTarget section */

/* Begin PBXProject section */
		54A2C21422544B4C0081E3FA /* Project object */ = {
			isa = PBXProject;
			attributes = {
				LastSwiftUpdateCheck = 1020;
				LastUpgradeCheck = 1020;
				ORGANIZATIONNAME = "yuuki oosu";
				TargetAttributes = {
					54A2C21B22544B4C0081E3FA = {
						CreatedOnToolsVersion = 10.2;
					};
					54A2C22F22544B4D0081E3FA = {
						CreatedOnToolsVersion = 10.2;
						TestTargetID = 54A2C21B22544B4C0081E3FA;
					};
					54A2C23A22544B4D0081E3FA = {
						CreatedOnToolsVersion = 10.2;
						TestTargetID = 54A2C21B22544B4C0081E3FA;
					};
				};
			};
			buildConfigurationList = 54A2C21722544B4C0081E3FA /* Build configuration list for PBXProject "testRxSwift" */;
			compatibilityVersion = "Xcode 9.3";
			developmentRegion = en;
			hasScannedForEncodings = 0;
			knownRegions = (
				en,
				Base,
			);
			mainGroup = 54A2C21322544B4C0081E3FA;
			productRefGroup = 54A2C21D22544B4C0081E3FA /* Products */;
			projectDirPath = "";
			projectRoot = "";
			targets = (
				54A2C21B22544B4C0081E3FA /* testRxSwift */,
				54A2C22F22544B4D0081E3FA /* testRxSwiftTests */,
				54A2C23A22544B4D0081E3FA /* testRxSwiftUITests */,
			);
		};
/* End PBXProject section */

/* Begin PBXResourcesBuildPhase section */
		54A2C21A22544B4C0081E3FA /* Resources */ = {
			isa = PBXResourcesBuildPhase;
			buildActionMask = 2147483647;
			files = (
				54A2C22A22544B4D0081E3FA /* LaunchScreen.storyboard in Resources */,
				54A2C22722544B4D0081E3FA /* Assets.xcassets in Resources */,
				54A2C22522544B4C0081E3FA /* Main.storyboard in Resources */,
			);
			runOnlyForDeploymentPostprocessing = 0;
		};
		54A2C22E22544B4D0081E3FA /* Resources */ = {
			isa = PBXResourcesBuildPhase;
			buildActionMask = 2147483647;
			files = (
			);
			runOnlyForDeploymentPostprocessing = 0;
		};
		54A2C23922544B4D0081E3FA /* Resources */ = {
			isa = PBXResourcesBuildPhase;
			buildActionMask = 2147483647;
			files = (
			);
			runOnlyForDeploymentPostprocessing = 0;
		};
/* End PBXResourcesBuildPhase section */

/* Begin PBXShellScriptBuildPhase section */
		3FAD6239921766F6ED4A8901 /* [CP] Embed Pods Frameworks */ = {
			isa = PBXShellScriptBuildPhase;
			buildActionMask = 2147483647;
			files = (
			);
			inputFileListPaths = (
			);
			inputPaths = (
				"${PODS_ROOT}/Target Support Files/Pods-testRxSwift/Pods-testRxSwift-frameworks.sh",
				"${BUILT_PRODUCTS_DIR}/RxAtomic/RxAtomic.framework",
				"${BUILT_PRODUCTS_DIR}/RxCocoa/RxCocoa.framework",
				"${BUILT_PRODUCTS_DIR}/RxSwift/RxSwift.framework",
			);
			name = "[CP] Embed Pods Frameworks";
			outputFileListPaths = (
			);
			outputPaths = (
				"${TARGET_BUILD_DIR}/${FRAMEWORKS_FOLDER_PATH}/RxAtomic.framework",
				"${TARGET_BUILD_DIR}/${FRAMEWORKS_FOLDER_PATH}/RxCocoa.framework",
				"${TARGET_BUILD_DIR}/${FRAMEWORKS_FOLDER_PATH}/RxSwift.framework",
			);
			runOnlyForDeploymentPostprocessing = 0;
			shellPath = /bin/sh;
			shellScript = "\"${PODS_ROOT}/Target Support Files/Pods-testRxSwift/Pods-testRxSwift-frameworks.sh\"\n";
			showEnvVarsInLog = 0;
		};
		6842B9CCC888E5BA6FEB7C48 /* [CP] Check Pods Manifest.lock */ = {
			isa = PBXShellScriptBuildPhase;
			buildActionMask = 2147483647;
			files = (
			);
			inputFileListPaths = (
			);
			inputPaths = (
				"${PODS_PODFILE_DIR_PATH}/Podfile.lock",
				"${PODS_ROOT}/Manifest.lock",
			);
			name = "[CP] Check Pods Manifest.lock";
			outputFileListPaths = (
			);
			outputPaths = (
				"$(DERIVED_FILE_DIR)/Pods-testRxSwift-checkManifestLockResult.txt",
			);
			runOnlyForDeploymentPostprocessing = 0;
			shellPath = /bin/sh;
			shellScript = "diff \"${PODS_PODFILE_DIR_PATH}/Podfile.lock\" \"${PODS_ROOT}/Manifest.lock\" > /dev/null\nif [ $? != 0 ] ; then\n    # print error to STDERR\n    echo \"error: The sandbox is not in sync with the Podfile.lock. Run 'pod install' or update your CocoaPods installation.\" >&2\n    exit 1\nfi\n# This output is used by Xcode 'outputs' to avoid re-running this script phase.\necho \"SUCCESS\" > \"${SCRIPT_OUTPUT_FILE_0}\"\n";
			showEnvVarsInLog = 0;
		};
		850DF6E073B0141681E8D766 /* [CP] Check Pods Manifest.lock */ = {
			isa = PBXShellScriptBuildPhase;
			buildActionMask = 2147483647;
			files = (
			);
			inputFileListPaths = (
			);
			inputPaths = (
				"${PODS_PODFILE_DIR_PATH}/Podfile.lock",
				"${PODS_ROOT}/Manifest.lock",
			);
			name = "[CP] Check Pods Manifest.lock";
			outputFileListPaths = (
			);
			outputPaths = (
				"$(DERIVED_FILE_DIR)/Pods-testRxSwiftUITests-checkManifestLockResult.txt",
			);
			runOnlyForDeploymentPostprocessing = 0;
			shellPath = /bin/sh;
			shellScript = "diff \"${PODS_PODFILE_DIR_PATH}/Podfile.lock\" \"${PODS_ROOT}/Manifest.lock\" > /dev/null\nif [ $? != 0 ] ; then\n    # print error to STDERR\n    echo \"error: The sandbox is not in sync with the Podfile.lock. Run 'pod install' or update your CocoaPods installation.\" >&2\n    exit 1\nfi\n# This output is used by Xcode 'outputs' to avoid re-running this script phase.\necho \"SUCCESS\" > \"${SCRIPT_OUTPUT_FILE_0}\"\n";
			showEnvVarsInLog = 0;
		};
		C193E58AD692C153F3BF5340 /* [CP] Check Pods Manifest.lock */ = {
			isa = PBXShellScriptBuildPhase;
			buildActionMask = 2147483647;
			files = (
			);
			inputFileListPaths = (
			);
			inputPaths = (
				"${PODS_PODFILE_DIR_PATH}/Podfile.lock",
				"${PODS_ROOT}/Manifest.lock",
			);
			name = "[CP] Check Pods Manifest.lock";
			outputFileListPaths = (
			);
			outputPaths = (
				"$(DERIVED_FILE_DIR)/Pods-testRxSwiftTests-checkManifestLockResult.txt",
			);
			runOnlyForDeploymentPostprocessing = 0;
			shellPath = /bin/sh;
			shellScript = "diff \"${PODS_PODFILE_DIR_PATH}/Podfile.lock\" \"${PODS_ROOT}/Manifest.lock\" > /dev/null\nif [ $? != 0 ] ; then\n    # print error to STDERR\n    echo \"error: The sandbox is not in sync with the Podfile.lock. Run 'pod install' or update your CocoaPods installation.\" >&2\n    exit 1\nfi\n# This output is used by Xcode 'outputs' to avoid re-running this script phase.\necho \"SUCCESS\" > \"${SCRIPT_OUTPUT_FILE_0}\"\n";
			showEnvVarsInLog = 0;
		};
/* End PBXShellScriptBuildPhase section */

/* Begin PBXSourcesBuildPhase section */
		54A2C21822544B4C0081E3FA /* Sources */ = {
			isa = PBXSourcesBuildPhase;
			buildActionMask = 2147483647;
			files = (
				54A2C22222544B4C0081E3FA /* ViewController.swift in Sources */,
				54A2C24E22544E020081E3FA /* Event.swift in Sources */,
				54A2C22022544B4C0081E3FA /* AppDelegate.swift in Sources */,
				54A2C2502254500C0081E3FA /* ExtentionsAppDelegate.swift in Sources */,
			);
			runOnlyForDeploymentPostprocessing = 0;
		};
		54A2C22C22544B4D0081E3FA /* Sources */ = {
			isa = PBXSourcesBuildPhase;
			buildActionMask = 2147483647;
			files = (
				54A2C23522544B4D0081E3FA /* testRxSwiftTests.swift in Sources */,
			);
			runOnlyForDeploymentPostprocessing = 0;
		};
		54A2C23722544B4D0081E3FA /* Sources */ = {
			isa = PBXSourcesBuildPhase;
			buildActionMask = 2147483647;
			files = (
				54A2C24022544B4D0081E3FA /* testRxSwiftUITests.swift in Sources */,
			);
			runOnlyForDeploymentPostprocessing = 0;
		};
/* End PBXSourcesBuildPhase section */

/* Begin PBXTargetDependency section */
		54A2C23222544B4D0081E3FA /* PBXTargetDependency */ = {
			isa = PBXTargetDependency;
			target = 54A2C21B22544B4C0081E3FA /* testRxSwift */;
			targetProxy = 54A2C23122544B4D0081E3FA /* PBXContainerItemProxy */;
		};
		54A2C23D22544B4D0081E3FA /* PBXTargetDependency */ = {
			isa = PBXTargetDependency;
			target = 54A2C21B22544B4C0081E3FA /* testRxSwift */;
			targetProxy = 54A2C23C22544B4D0081E3FA /* PBXContainerItemProxy */;
		};
/* End PBXTargetDependency section */

/* Begin PBXVariantGroup section */
		54A2C22322544B4C0081E3FA /* Main.storyboard */ = {
			isa = PBXVariantGroup;
			children = (
				54A2C22422544B4C0081E3FA /* Base */,
			);
			name = Main.storyboard;
			sourceTree = "<group>";
		};
		54A2C22822544B4D0081E3FA /* LaunchScreen.storyboard */ = {
			isa = PBXVariantGroup;
			children = (
				54A2C22922544B4D0081E3FA /* Base */,
			);
			name = LaunchScreen.storyboard;
			sourceTree = "<group>";
		};
/* End PBXVariantGroup section */

/* Begin XCBuildConfiguration section */
		54A2C24222544B4D0081E3FA /* Debug */ = {
			isa = XCBuildConfiguration;
			buildSettings = {
				ALWAYS_SEARCH_USER_PATHS = NO;
				CLANG_ANALYZER_NONNULL = YES;
				CLANG_ANALYZER_NUMBER_OBJECT_CONVERSION = YES_AGGRESSIVE;
				CLANG_CXX_LANGUAGE_STANDARD = "gnu++14";
				CLANG_CXX_LIBRARY = "libc++";
				CLANG_ENABLE_MODULES = YES;
				CLANG_ENABLE_OBJC_ARC = YES;
				CLANG_ENABLE_OBJC_WEAK = YES;
				CLANG_WARN_BLOCK_CAPTURE_AUTORELEASING = YES;
				CLANG_WARN_BOOL_CONVERSION = YES;
				CLANG_WARN_COMMA = YES;
				CLANG_WARN_CONSTANT_CONVERSION = YES;
				CLANG_WARN_DEPRECATED_OBJC_IMPLEMENTATIONS = YES;
				CLANG_WARN_DIRECT_OBJC_ISA_USAGE = YES_ERROR;
				CLANG_WARN_DOCUMENTATION_COMMENTS = YES;
				CLANG_WARN_EMPTY_BODY = YES;
				CLANG_WARN_ENUM_CONVERSION = YES;
				CLANG_WARN_INFINITE_RECURSION = YES;
				CLANG_WARN_INT_CONVERSION = YES;
				CLANG_WARN_NON_LITERAL_NULL_CONVERSION = YES;
				CLANG_WARN_OBJC_IMPLICIT_RETAIN_SELF = YES;
				CLANG_WARN_OBJC_LITERAL_CONVERSION = YES;
				CLANG_WARN_OBJC_ROOT_CLASS = YES_ERROR;
				CLANG_WARN_RANGE_LOOP_ANALYSIS = YES;
				CLANG_WARN_STRICT_PROTOTYPES = YES;
				CLANG_WARN_SUSPICIOUS_MOVE = YES;
				CLANG_WARN_UNGUARDED_AVAILABILITY = YES_AGGRESSIVE;
				CLANG_WARN_UNREACHABLE_CODE = YES;
				CLANG_WARN__DUPLICATE_METHOD_MATCH = YES;
				CODE_SIGN_IDENTITY = "iPhone Developer";
				COPY_PHASE_STRIP = NO;
				DEBUG_INFORMATION_FORMAT = dwarf;
				ENABLE_STRICT_OBJC_MSGSEND = YES;
				ENABLE_TESTABILITY = YES;
				GCC_C_LANGUAGE_STANDARD = gnu11;
				GCC_DYNAMIC_NO_PIC = NO;
				GCC_NO_COMMON_BLOCKS = YES;
				GCC_OPTIMIZATION_LEVEL = 0;
				GCC_PREPROCESSOR_DEFINITIONS = (
					"DEBUG=1",
					"$(inherited)",
				);
				GCC_WARN_64_TO_32_BIT_CONVERSION = YES;
				GCC_WARN_ABOUT_RETURN_TYPE = YES_ERROR;
				GCC_WARN_UNDECLARED_SELECTOR = YES;
				GCC_WARN_UNINITIALIZED_AUTOS = YES_AGGRESSIVE;
				GCC_WARN_UNUSED_FUNCTION = YES;
				GCC_WARN_UNUSED_VARIABLE = YES;
				IPHONEOS_DEPLOYMENT_TARGET = 12.2;
				MTL_ENABLE_DEBUG_INFO = INCLUDE_SOURCE;
				MTL_FAST_MATH = YES;
				ONLY_ACTIVE_ARCH = YES;
				SDKROOT = iphoneos;
				SWIFT_ACTIVE_COMPILATION_CONDITIONS = DEBUG;
				SWIFT_OPTIMIZATION_LEVEL = "-Onone";
			};
			name = Debug;
		};
		54A2C24322544B4D0081E3FA /* Release */ = {
			isa = XCBuildConfiguration;
			buildSettings = {
				ALWAYS_SEARCH_USER_PATHS = NO;
				CLANG_ANALYZER_NONNULL = YES;
				CLANG_ANALYZER_NUMBER_OBJECT_CONVERSION = YES_AGGRESSIVE;
				CLANG_CXX_LANGUAGE_STANDARD = "gnu++14";
				CLANG_CXX_LIBRARY = "libc++";
				CLANG_ENABLE_MODULES = YES;
				CLANG_ENABLE_OBJC_ARC = YES;
				CLANG_ENABLE_OBJC_WEAK = YES;
				CLANG_WARN_BLOCK_CAPTURE_AUTORELEASING = YES;
				CLANG_WARN_BOOL_CONVERSION = YES;
				CLANG_WARN_COMMA = YES;
				CLANG_WARN_CONSTANT_CONVERSION = YES;
				CLANG_WARN_DEPRECATED_OBJC_IMPLEMENTATIONS = YES;
				CLANG_WARN_DIRECT_OBJC_ISA_USAGE = YES_ERROR;
				CLANG_WARN_DOCUMENTATION_COMMENTS = YES;
				CLANG_WARN_EMPTY_BODY = YES;
				CLANG_WARN_ENUM_CONVERSION = YES;
				CLANG_WARN_INFINITE_RECURSION = YES;
				CLANG_WARN_INT_CONVERSION = YES;
				CLANG_WARN_NON_LITERAL_NULL_CONVERSION = YES;
				CLANG_WARN_OBJC_IMPLICIT_RETAIN_SELF = YES;
				CLANG_WARN_OBJC_LITERAL_CONVERSION = YES;
				CLANG_WARN_OBJC_ROOT_CLASS = YES_ERROR;
				CLANG_WARN_RANGE_LOOP_ANALYSIS = YES;
				CLANG_WARN_STRICT_PROTOTYPES = YES;
				CLANG_WARN_SUSPICIOUS_MOVE = YES;
				CLANG_WARN_UNGUARDED_AVAILABILITY = YES_AGGRESSIVE;
				CLANG_WARN_UNREACHABLE_CODE = YES;
				CLANG_WARN__DUPLICATE_METHOD_MATCH = YES;
				CODE_SIGN_IDENTITY = "iPhone Developer";
				COPY_PHASE_STRIP = NO;
				DEBUG_INFORMATION_FORMAT = "dwarf-with-dsym";
				ENABLE_NS_ASSERTIONS = NO;
				ENABLE_STRICT_OBJC_MSGSEND = YES;
				GCC_C_LANGUAGE_STANDARD = gnu11;
				GCC_NO_COMMON_BLOCKS = YES;
				GCC_WARN_64_TO_32_BIT_CONVERSION = YES;
				GCC_WARN_ABOUT_RETURN_TYPE = YES_ERROR;
				GCC_WARN_UNDECLARED_SELECTOR = YES;
				GCC_WARN_UNINITIALIZED_AUTOS = YES_AGGRESSIVE;
				GCC_WARN_UNUSED_FUNCTION = YES;
				GCC_WARN_UNUSED_VARIABLE = YES;
				IPHONEOS_DEPLOYMENT_TARGET = 12.2;
				MTL_ENABLE_DEBUG_INFO = NO;
				MTL_FAST_MATH = YES;
				SDKROOT = iphoneos;
				SWIFT_COMPILATION_MODE = wholemodule;
				SWIFT_OPTIMIZATION_LEVEL = "-O";
				VALIDATE_PRODUCT = YES;
			};
			name = Release;
		};
		54A2C24522544B4D0081E3FA /* Debug */ = {
			isa = XCBuildConfiguration;
			baseConfigurationReference = F1A552A2B23D23D692CF09A7 /* Pods-testRxSwift.debug.xcconfig */;
			buildSettings = {
				ASSETCATALOG_COMPILER_APPICON_NAME = AppIcon;
				CODE_SIGN_STYLE = Automatic;
				DEVELOPMENT_TEAM = M7F7C2ZHMG;
				INFOPLIST_FILE = testRxSwift/Info.plist;
				LD_RUNPATH_SEARCH_PATHS = (
					"$(inherited)",
					"@executable_path/Frameworks",
				);
				PRODUCT_BUNDLE_IDENTIFIER = kidsline.testRxSwift;
				PRODUCT_NAME = "$(TARGET_NAME)";
				SWIFT_VERSION = 5.0;
				TARGETED_DEVICE_FAMILY = "1,2";
			};
			name = Debug;
		};
		54A2C24622544B4D0081E3FA /* Release */ = {
			isa = XCBuildConfiguration;
			baseConfigurationReference = 2D617BA15EC825601CA2CC53 /* Pods-testRxSwift.release.xcconfig */;
			buildSettings = {
				ASSETCATALOG_COMPILER_APPICON_NAME = AppIcon;
				CODE_SIGN_STYLE = Automatic;
				DEVELOPMENT_TEAM = M7F7C2ZHMG;
				INFOPLIST_FILE = testRxSwift/Info.plist;
				LD_RUNPATH_SEARCH_PATHS = (
					"$(inherited)",
					"@executable_path/Frameworks",
				);
				PRODUCT_BUNDLE_IDENTIFIER = kidsline.testRxSwift;
				PRODUCT_NAME = "$(TARGET_NAME)";
				SWIFT_VERSION = 5.0;
				TARGETED_DEVICE_FAMILY = "1,2";
			};
			name = Release;
		};
		54A2C24822544B4D0081E3FA /* Debug */ = {
			isa = XCBuildConfiguration;
			baseConfigurationReference = F9C0B87C39DB543E67186312 /* Pods-testRxSwiftTests.debug.xcconfig */;
			buildSettings = {
				ALWAYS_EMBED_SWIFT_STANDARD_LIBRARIES = YES;
				BUNDLE_LOADER = "$(TEST_HOST)";
				CODE_SIGN_STYLE = Automatic;
				DEVELOPMENT_TEAM = M7F7C2ZHMG;
				INFOPLIST_FILE = testRxSwiftTests/Info.plist;
				LD_RUNPATH_SEARCH_PATHS = (
					"$(inherited)",
					"@executable_path/Frameworks",
					"@loader_path/Frameworks",
				);
				PRODUCT_BUNDLE_IDENTIFIER = kidsline.testRxSwiftTests;
				PRODUCT_NAME = "$(TARGET_NAME)";
				SWIFT_VERSION = 5.0;
				TARGETED_DEVICE_FAMILY = "1,2";
				TEST_HOST = "$(BUILT_PRODUCTS_DIR)/testRxSwift.app/testRxSwift";
			};
			name = Debug;
		};
		54A2C24922544B4D0081E3FA /* Release */ = {
			isa = XCBuildConfiguration;
			baseConfigurationReference = D3B415521431A6A90C9BDC0B /* Pods-testRxSwiftTests.release.xcconfig */;
			buildSettings = {
				ALWAYS_EMBED_SWIFT_STANDARD_LIBRARIES = YES;
				BUNDLE_LOADER = "$(TEST_HOST)";
				CODE_SIGN_STYLE = Automatic;
				DEVELOPMENT_TEAM = M7F7C2ZHMG;
				INFOPLIST_FILE = testRxSwiftTests/Info.plist;
				LD_RUNPATH_SEARCH_PATHS = (
					"$(inherited)",
					"@executable_path/Frameworks",
					"@loader_path/Frameworks",
				);
				PRODUCT_BUNDLE_IDENTIFIER = kidsline.testRxSwiftTests;
				PRODUCT_NAME = "$(TARGET_NAME)";
				SWIFT_VERSION = 5.0;
				TARGETED_DEVICE_FAMILY = "1,2";
				TEST_HOST = "$(BUILT_PRODUCTS_DIR)/testRxSwift.app/testRxSwift";
			};
			name = Release;
		};
		54A2C24B22544B4D0081E3FA /* Debug */ = {
			isa = XCBuildConfiguration;
			baseConfigurationReference = 4EC86F2D70C17F83DE764E1E /* Pods-testRxSwiftUITests.debug.xcconfig */;
			buildSettings = {
				ALWAYS_EMBED_SWIFT_STANDARD_LIBRARIES = YES;
				CODE_SIGN_STYLE = Automatic;
				DEVELOPMENT_TEAM = M7F7C2ZHMG;
				INFOPLIST_FILE = testRxSwiftUITests/Info.plist;
				LD_RUNPATH_SEARCH_PATHS = (
					"$(inherited)",
					"@executable_path/Frameworks",
					"@loader_path/Frameworks",
				);
				PRODUCT_BUNDLE_IDENTIFIER = kidsline.testRxSwiftUITests;
				PRODUCT_NAME = "$(TARGET_NAME)";
				SWIFT_VERSION = 5.0;
				TARGETED_DEVICE_FAMILY = "1,2";
				TEST_TARGET_NAME = testRxSwift;
			};
			name = Debug;
		};
		54A2C24C22544B4D0081E3FA /* Release */ = {
			isa = XCBuildConfiguration;
			baseConfigurationReference = 4961BD66BE03F137D1579D8C /* Pods-testRxSwiftUITests.release.xcconfig */;
			buildSettings = {
				ALWAYS_EMBED_SWIFT_STANDARD_LIBRARIES = YES;
				CODE_SIGN_STYLE = Automatic;
				DEVELOPMENT_TEAM = M7F7C2ZHMG;
				INFOPLIST_FILE = testRxSwiftUITests/Info.plist;
				LD_RUNPATH_SEARCH_PATHS = (
					"$(inherited)",
					"@executable_path/Frameworks",
					"@loader_path/Frameworks",
				);
				PRODUCT_BUNDLE_IDENTIFIER = kidsline.testRxSwiftUITests;
				PRODUCT_NAME = "$(TARGET_NAME)";
				SWIFT_VERSION = 5.0;
				TARGETED_DEVICE_FAMILY = "1,2";
				TEST_TARGET_NAME = testRxSwift;
			};
			name = Release;
		};
/* End XCBuildConfiguration section */

/* Begin XCConfigurationList section */
		54A2C21722544B4C0081E3FA /* Build configuration list for PBXProject "testRxSwift" */ = {
			isa = XCConfigurationList;
			buildConfigurations = (
				54A2C24222544B4D0081E3FA /* Debug */,
				54A2C24322544B4D0081E3FA /* Release */,
			);
			defaultConfigurationIsVisible = 0;
			defaultConfigurationName = Release;
		};
		54A2C24422544B4D0081E3FA /* Build configuration list for PBXNativeTarget "testRxSwift" */ = {
			isa = XCConfigurationList;
			buildConfigurations = (
				54A2C24522544B4D0081E3FA /* Debug */,
				54A2C24622544B4D0081E3FA /* Release */,
			);
			defaultConfigurationIsVisible = 0;
			defaultConfigurationName = Release;
		};
		54A2C24722544B4D0081E3FA /* Build configuration list for PBXNativeTarget "testRxSwiftTests" */ = {
			isa = XCConfigurationList;
			buildConfigurations = (
				54A2C24822544B4D0081E3FA /* Debug */,
				54A2C24922544B4D0081E3FA /* Release */,
			);
			defaultConfigurationIsVisible = 0;
			defaultConfigurationName = Release;
		};
		54A2C24A22544B4D0081E3FA /* Build configuration list for PBXNativeTarget "testRxSwiftUITests" */ = {
			isa = XCConfigurationList;
			buildConfigurations = (
				54A2C24B22544B4D0081E3FA /* Debug */,
				54A2C24C22544B4D0081E3FA /* Release */,
			);
			defaultConfigurationIsVisible = 0;
			defaultConfigurationName = Release;
		};
/* End XCConfigurationList section */
	};
	rootObject = 54A2C21422544B4C0081E3FA /* Project object */;
}
